
Microsoft Visual Studio Solution File, Format Version 12.00
# Visual Studio Version 16
VisualStudioVersion = 16.0.30517.126
MinimumVisualStudioVersion = 10.0.40219.1
Project("{FAE04EC0-301F-11D3-BF4B-00C04F79EFBC}") = "RPG", "RPG\RPG.csproj", "{E7E4F34D-6AD3-436D-A10C-8F23A87158D8}"
EndProject
Project("{FAE04EC0-301F-11D3-BF4B-00C04F79EFBC}") = "Engine", "Engine\Engine.csproj", "{55E4D261-2DF7-4102-AF46-780020E33BBC}"
EndProject
Global
	GlobalSection(SolutionConfigurationPlatforms) = preSolution
		Debug|Any CPU = Debug|Any CPU
		Release|Any CPU = Release|Any CPU
	EndGlobalSection
	GlobalSection(ProjectConfigurationPlatforms) = postSolution
		{E7E4F34D-6AD3-436D-A10C-8F23A87158D8}.Debug|Any CPU.ActiveCfg = Debug|Any CPU
		{E7E4F34D-6AD3-436D-A10C-8F23A87158D8}.Debug|Any CPU.Build.0 = Debug|Any CPU
		{E7E4F34D-6AD3-436D-A10C-8F23A87158D8}.Release|Any CPU.ActiveCfg = Release|Any CPU
		{E7E4F34D-6AD3-436D-A10C-8F23A87158D8}.Release|Any CPU.Build.0 = Release|Any CPU
		{55E4D261-2DF7-4102-AF46-780020E33BBC}.Debug|Any CPU.ActiveCfg = Debug|Any CPU
		{55E4D261-2DF7-4102-AF46-780020E33BBC}.Debug|Any CPU.Build.0 = Debug|Any CPU
		{55E4D261-2DF7-4102-AF46-780020E33BBC}.Release|Any CPU.ActiveCfg = Release|Any CPU
		{55E4D261-2DF7-4102-AF46-780020E33BBC}.Release|Any CPU.Build.0 = Release|Any CPU
	EndGlobalSection
	GlobalSection(SolutionProperties) = preSolution
		HideSolutionNode = FALSE
	EndGlobalSection
	GlobalSection(ExtensibilityGlobals) = postSolution
		SolutionGuid = {D681394E-A74B-4CD2-8863-06157791703D}
	EndGlobalSection
EndGlobal
